{
	"name": "homebridge-venstar-updated",
	"version": "0.2.2",
	"lockfileVersion": 3,
	"requires": true,
	"packages": {
		"": {
			"name": "homebridge-venstar-updated",
			"version": "0.2.2",
			"license": "ISC",
			"dependencies": {
				"whatwg-fetch": "^3.6.20"
			},
			"engines": {
				"homebridge": "^1.6.0",
				"node": "^18.17.0 || ^20.9.0"
			}
		},
		"node_modules/whatwg-fetch": {
			"version": "3.6.20",
			"resolved": "https://registry.npmjs.org/whatwg-fetch/-/whatwg-fetch-3.6.20.tgz",
			"integrity": "sha512-EqhiFU6daOA8kpjOWTL0olhVOF3i7OrFzSYiGsEMB8GcXS+RrzauAERX65xMeNWVqxA6HXH2m69Z9LaKKdisfg=="
		}
	}
}
